
Microsoft Visual Studio Solution File, Format Version 10.00
# Visual Basic Express 2008
Project("{F184B08F-C81C-45F6-A57F-5ABD9991F28F}") = "WindowsApplication1", "WindowsApplication1\WindowsApplication1.vbproj", "{3D0F3646-A33E-47A6-8311-3E5EF6DA9D13}"
EndProject
Global
	GlobalSection(SolutionConfigurationPlatforms) = preSolution
		Debug|Any CPU = Debug|Any CPU
		Release|Any CPU = Release|Any CPU
	EndGlobalSection
	GlobalSection(ProjectConfigurationPlatforms) = postSolution
		{3D0F3646-A33E-47A6-8311-3E5EF6DA9D13}.Debug|Any CPU.ActiveCfg = Debug|Any CPU
		{3D0F3646-A33E-47A6-8311-3E5EF6DA9D13}.Debug|Any CPU.Build.0 = Debug|Any CPU
		{3D0F3646-A33E-47A6-8311-3E5EF6DA9D13}.Release|Any CPU.ActiveCfg = Release|Any CPU
		{3D0F3646-A33E-47A6-8311-3E5EF6DA9D13}.Release|Any CPU.Build.0 = Release|Any CPU
	EndGlobalSection
	GlobalSection(SolutionProperties) = preSolution
		HideSolutionNode = FALSE
	EndGlobalSection
EndGlobal
